# This file is autogenerated, do not edit; changes may be undone by the next 'dep ensure'.


[[projects]]
  branch = "master"
  name = "github.com/GheisMohammadi/sputnikvm-ffi"
  packages = ["go/sputnikvm"]
  revision = "566c85391f30bb0dc91106de7eef7d7ec422a407"

[[projects]]
  name = "github.com/denisbrodbeck/machineid"
  packages = ["."]
  revision = "e2e48f90c87f1f77286682531a46ff99e95d8089"
  version = "v1.0.0"

[[projects]]
  name = "github.com/ethereumproject/go-ethereum"
  packages = ["common"]
  revision = "8a3bc2d4f050df752dc9d071c2ef416e035d0216"
  version = "v5.5.1"

[[projects]]
  branch = "master"
  name = "golang.org/x/sys"
  packages = ["windows","windows/registry"]
  revision = "ebe1bf3edb3325c393447059974de898d5133eb8"

[solve-meta]
  analyzer-name = "dep"
  analyzer-version = 1
  inputs-digest = "c230e21c75a977ef2afb00cf023f100d749e35a66b85d91b0d2ec4f760548b6e"
  solver-name = "gps-cdcl"
  solver-version = 1
