# This file is autogenerated, do not edit; changes may be undone by the next 'dep ensure'.


[[projects]]
  branch = "master"
  name = "github.com/GheisMohammadi/sputnikvm-ffi"
  packages = ["go/sputnikvm"]
  revision = "092a1adc036b5400d2aef902a999824d664c06a0"

[[projects]]
  name = "github.com/denisbrodbeck/machineid"
  packages = ["."]
  revision = "e2e48f90c87f1f77286682531a46ff99e95d8089"
  version = "v1.0.0"

[[projects]]
  name = "github.com/ethereumproject/go-ethereum"
  packages = ["common"]
  revision = "8a3bc2d4f050df752dc9d071c2ef416e035d0216"
  version = "v5.5.1"

[[projects]]
  branch = "master"
  name = "golang.org/x/sys"
  packages = ["windows","windows/registry"]
  revision = "fa5fdf94c78965f1aa8423f0cc50b8b8d728b05a"

[solve-meta]
  analyzer-name = "dep"
  analyzer-version = 1
  inputs-digest = "bb242ea97a869f83ad2fe0dca68a97f0fc31dc03d3572990844d3890e5b54b8c"
  solver-name = "gps-cdcl"
  solver-version = 1
